
Microsoft Visual Studio Solution File, Format Version 12.00
# Visual Studio 15
VisualStudioVersion = 15.0.27703.2000
MinimumVisualStudioVersion = 10.0.40219.1
Project("{FAE04EC0-301F-11D3-BF4B-00C04F79EFBC}") = "RegularPolygonLibrary", "RegularPolygonLibrary\RegularPolygonLibrary.csproj", "{162FF292-53F2-4830-A391-E91E37F1F0BE}"
EndProject
Project("{FAE04EC0-301F-11D3-BF4B-00C04F79EFBC}") = "RegularPolygon", "RegularPolygon\RegularPolygon.csproj", "{EBB287CB-7ECC-4FC0-9EDD-0C4FFB5BD7F4}"
EndProject
Project("{FAE04EC0-301F-11D3-BF4B-00C04F79EFBC}") = "RegularPolygonTests", "RegularPolygonTests\RegularPolygonTests.csproj", "{A4E820FB-6364-4D44-A891-89037DB9F105}"
EndProject
Global
	GlobalSection(SolutionConfigurationPlatforms) = preSolution
		Debug|Any CPU = Debug|Any CPU
		Release|Any CPU = Release|Any CPU
	EndGlobalSection
	GlobalSection(ProjectConfigurationPlatforms) = postSolution
		{162FF292-53F2-4830-A391-E91E37F1F0BE}.Debug|Any CPU.ActiveCfg = Debug|Any CPU
		{162FF292-53F2-4830-A391-E91E37F1F0BE}.Debug|Any CPU.Build.0 = Debug|Any CPU
		{162FF292-53F2-4830-A391-E91E37F1F0BE}.Release|Any CPU.ActiveCfg = Release|Any CPU
		{162FF292-53F2-4830-A391-E91E37F1F0BE}.Release|Any CPU.Build.0 = Release|Any CPU
		{EBB287CB-7ECC-4FC0-9EDD-0C4FFB5BD7F4}.Debug|Any CPU.ActiveCfg = Debug|Any CPU
		{EBB287CB-7ECC-4FC0-9EDD-0C4FFB5BD7F4}.Debug|Any CPU.Build.0 = Debug|Any CPU
		{EBB287CB-7ECC-4FC0-9EDD-0C4FFB5BD7F4}.Release|Any CPU.ActiveCfg = Release|Any CPU
		{EBB287CB-7ECC-4FC0-9EDD-0C4FFB5BD7F4}.Release|Any CPU.Build.0 = Release|Any CPU
		{A4E820FB-6364-4D44-A891-89037DB9F105}.Debug|Any CPU.ActiveCfg = Debug|Any CPU
		{A4E820FB-6364-4D44-A891-89037DB9F105}.Debug|Any CPU.Build.0 = Debug|Any CPU
		{A4E820FB-6364-4D44-A891-89037DB9F105}.Release|Any CPU.ActiveCfg = Release|Any CPU
		{A4E820FB-6364-4D44-A891-89037DB9F105}.Release|Any CPU.Build.0 = Release|Any CPU
	EndGlobalSection
	GlobalSection(SolutionProperties) = preSolution
		HideSolutionNode = FALSE
	EndGlobalSection
	GlobalSection(ExtensibilityGlobals) = postSolution
		SolutionGuid = {3ACB8E70-43DB-4609-B9D0-9148FFAF8238}
	EndGlobalSection
EndGlobal
